<?xml version="1.0" encoding="UTF-8"?>
<Solution>
	<Configurations>
		<BuildType Name="Debug"/>
		<BuildType Name="Release"/>
		<BuildType Name="MinSizeRel"/>
		<BuildType Name="RelWithDebInfo"/>
		<Platform Name="x64"/>
	</Configurations>
	<Project Path="ALL_BUILD.vcxproj" Type="8bc9ceb8-8b4a-11d0-8d11-00a0c91bc942" Id="259ccdf6-3721-3e9e-9d04-6458abee792a" DefaultStartup="true">
		<BuildDependency Project="ZERO_CHECK.vcxproj"/>
		<BuildDependency Project="frontend/boot/kura_boot.vcxproj"/>
		<BuildDependency Project="tests/unit/kura_boot_tests.vcxproj"/>
		<BuildDependency Project="frontend/cli/kura_cli.vcxproj"/>
		<BuildDependency Project="core/kura_core.vcxproj"/>
		<BuildDependency Project="tests/unit/kura_cpu_tests.vcxproj"/>
		<BuildDependency Project="tests/unit/kura_elf_tests.vcxproj"/>
		<BuildDependency Project="tools/firmware/kura_firmware.vcxproj"/>
		<BuildDependency Project="tests/unit/kura_memory_tests.vcxproj"/>
		<BuildDependency Project="tests/unit/kura_net_tests.vcxproj"/>
		<BuildDependency Project="tools/firmware/kura_pup.vcxproj"/>
		<BuildDependency Project="tests/unit/kura_pup_tests.vcxproj"/>
		<BuildDependency Project="tests/unit/kura_settings_tests.vcxproj"/>
		<BuildDependency Project="tests/unit/kura_tests.vcxproj"/>
		<Build Solution="Debug|*" Project="false"/>
		<Build Solution="Release|*" Project="false"/>
		<Build Solution="MinSizeRel|*" Project="false"/>
		<Build Solution="RelWithDebInfo|*" Project="false"/>
	</Project>
	<Project Path="RUN_TESTS.vcxproj" Type="8bc9ceb8-8b4a-11d0-8d11-00a0c91bc942" Id="d5340aad-dd96-3911-a0f8-baa0542d9b6d">
		<BuildDependency Project="ZERO_CHECK.vcxproj"/>
		<Build Solution="Debug|*" Project="false"/>
		<Build Solution="Release|*" Project="false"/>
		<Build Solution="MinSizeRel|*" Project="false"/>
		<Build Solution="RelWithDebInfo|*" Project="false"/>
	</Project>
	<Project Path="ZERO_CHECK.vcxproj" Type="8bc9ceb8-8b4a-11d0-8d11-00a0c91bc942" Id="2820fecf-b09c-3fde-9303-0d1b4b1149d0"/>
	<Project Path="frontend/boot/kura_boot.vcxproj" Type="8bc9ceb8-8b4a-11d0-8d11-00a0c91bc942" Id="96694a2b-219a-3d8d-9431-78e928c6b65a">
		<BuildDependency Project="ZERO_CHECK.vcxproj"/>
		<BuildDependency Project="core/kura_core.vcxproj"/>
	</Project>
	<Project Path="tests/unit/kura_boot_tests.vcxproj" Type="8bc9ceb8-8b4a-11d0-8d11-00a0c91bc942" Id="2bd7208f-1e1a-3898-bbb9-49113d216352">
		<BuildDependency Project="ZERO_CHECK.vcxproj"/>
		<BuildDependency Project="core/kura_core.vcxproj"/>
	</Project>
	<Project Path="frontend/cli/kura_cli.vcxproj" Type="8bc9ceb8-8b4a-11d0-8d11-00a0c91bc942" Id="7a989dfc-2695-334e-ad1c-8959d2d0179d">
		<BuildDependency Project="ZERO_CHECK.vcxproj"/>
		<BuildDependency Project="core/kura_core.vcxproj"/>
	</Project>
	<Project Path="core/kura_core.vcxproj" Type="8bc9ceb8-8b4a-11d0-8d11-00a0c91bc942" Id="265bf3cc-8321-3dd2-bce4-3dcd1c5ce703">
		<BuildDependency Project="ZERO_CHECK.vcxproj"/>
	</Project>
	<Project Path="tests/unit/kura_cpu_tests.vcxproj" Type="8bc9ceb8-8b4a-11d0-8d11-00a0c91bc942" Id="9ecc7ea1-d338-332e-b5fd-9192f9428fc8">
		<BuildDependency Project="ZERO_CHECK.vcxproj"/>
		<BuildDependency Project="core/kura_core.vcxproj"/>
	</Project>
	<Project Path="tests/unit/kura_elf_tests.vcxproj" Type="8bc9ceb8-8b4a-11d0-8d11-00a0c91bc942" Id="965afca6-37bd-3c85-a729-0fa868833cad">
		<BuildDependency Project="ZERO_CHECK.vcxproj"/>
		<BuildDependency Project="core/kura_core.vcxproj"/>
	</Project>
	<Project Path="tools/firmware/kura_firmware.vcxproj" Type="8bc9ceb8-8b4a-11d0-8d11-00a0c91bc942" Id="5046019e-548f-370e-88e2-2e693618ccbd">
		<BuildDependency Project="ZERO_CHECK.vcxproj"/>
		<BuildDependency Project="core/kura_core.vcxproj"/>
	</Project>
	<Project Path="tests/unit/kura_memory_tests.vcxproj" Type="8bc9ceb8-8b4a-11d0-8d11-00a0c91bc942" Id="ee77200b-6d62-35f3-a10e-20236a5ede64">
		<BuildDependency Project="ZERO_CHECK.vcxproj"/>
		<BuildDependency Project="core/kura_core.vcxproj"/>
	</Project>
	<Project Path="tests/unit/kura_net_tests.vcxproj" Type="8bc9ceb8-8b4a-11d0-8d11-00a0c91bc942" Id="87a4f014-5eb1-3d2a-84a4-ac77a0acf687">
		<BuildDependency Project="ZERO_CHECK.vcxproj"/>
		<BuildDependency Project="core/kura_core.vcxproj"/>
	</Project>
	<Project Path="tools/firmware/kura_pup.vcxproj" Type="8bc9ceb8-8b4a-11d0-8d11-00a0c91bc942" Id="014f6c79-6376-3768-8383-f88683fc7e9e">
		<BuildDependency Project="ZERO_CHECK.vcxproj"/>
		<BuildDependency Project="core/kura_core.vcxproj"/>
		<BuildDependency Project="tools/firmware/kura_firmware.vcxproj"/>
	</Project>
	<Project Path="tests/unit/kura_pup_tests.vcxproj" Type="8bc9ceb8-8b4a-11d0-8d11-00a0c91bc942" Id="3aa180fd-b2af-390c-aae2-e7a6bbe74afd">
		<BuildDependency Project="ZERO_CHECK.vcxproj"/>
		<BuildDependency Project="core/kura_core.vcxproj"/>
		<BuildDependency Project="tools/firmware/kura_firmware.vcxproj"/>
	</Project>
	<Project Path="tests/unit/kura_settings_tests.vcxproj" Type="8bc9ceb8-8b4a-11d0-8d11-00a0c91bc942" Id="e531d4e7-c577-375e-b189-c9e860ada734">
		<BuildDependency Project="ZERO_CHECK.vcxproj"/>
		<BuildDependency Project="core/kura_core.vcxproj"/>
	</Project>
	<Project Path="tests/unit/kura_tests.vcxproj" Type="8bc9ceb8-8b4a-11d0-8d11-00a0c91bc942" Id="3201931d-9887-3ee9-9dda-2cd3b858199c">
		<BuildDependency Project="ZERO_CHECK.vcxproj"/>
		<BuildDependency Project="core/kura_core.vcxproj"/>
	</Project>
</Solution>
