<?xml version="1.0" encoding="UTF-8"?>
<Solution>
	<Configurations>
		<BuildType Name="Debug"/>
		<BuildType Name="Release"/>
		<BuildType Name="MinSizeRel"/>
		<BuildType Name="RelWithDebInfo"/>
		<Platform Name="x64"/>
	</Configurations>
	<Project Path="ALL_BUILD.vcxproj" Type="8bc9ceb8-8b4a-11d0-8d11-00a0c91bc942" Id="259ccdf6-3721-3e9e-9d04-6458abee792a" DefaultStartup="true">
		<BuildDependency Project="ZERO_CHECK.vcxproj"/>
		<BuildDependency Project="frontend/cli/kura_cli.vcxproj"/>
		<BuildDependency Project="core/kura_core.vcxproj"/>
		<BuildDependency Project="tests/unit/kura_net_tests.vcxproj"/>
		<BuildDependency Project="tests/unit/kura_tests.vcxproj"/>
		<Build Solution="Debug|*" Project="false"/>
		<Build Solution="Release|*" Project="false"/>
		<Build Solution="MinSizeRel|*" Project="false"/>
		<Build Solution="RelWithDebInfo|*" Project="false"/>
	</Project>
	<Project Path="RUN_TESTS.vcxproj" Type="8bc9ceb8-8b4a-11d0-8d11-00a0c91bc942" Id="d5340aad-dd96-3911-a0f8-baa0542d9b6d">
		<BuildDependency Project="ZERO_CHECK.vcxproj"/>
		<Build Solution="Debug|*" Project="false"/>
		<Build Solution="Release|*" Project="false"/>
		<Build Solution="MinSizeRel|*" Project="false"/>
		<Build Solution="RelWithDebInfo|*" Project="false"/>
	</Project>
	<Project Path="ZERO_CHECK.vcxproj" Type="8bc9ceb8-8b4a-11d0-8d11-00a0c91bc942" Id="2820fecf-b09c-3fde-9303-0d1b4b1149d0"/>
	<Project Path="frontend/cli/kura_cli.vcxproj" Type="8bc9ceb8-8b4a-11d0-8d11-00a0c91bc942" Id="7a989dfc-2695-334e-ad1c-8959d2d0179d">
		<BuildDependency Project="ZERO_CHECK.vcxproj"/>
		<BuildDependency Project="core/kura_core.vcxproj"/>
	</Project>
	<Project Path="core/kura_core.vcxproj" Type="8bc9ceb8-8b4a-11d0-8d11-00a0c91bc942" Id="265bf3cc-8321-3dd2-bce4-3dcd1c5ce703">
		<BuildDependency Project="ZERO_CHECK.vcxproj"/>
	</Project>
	<Project Path="tests/unit/kura_net_tests.vcxproj" Type="8bc9ceb8-8b4a-11d0-8d11-00a0c91bc942" Id="87a4f014-5eb1-3d2a-84a4-ac77a0acf687">
		<BuildDependency Project="ZERO_CHECK.vcxproj"/>
		<BuildDependency Project="core/kura_core.vcxproj"/>
	</Project>
	<Project Path="tests/unit/kura_tests.vcxproj" Type="8bc9ceb8-8b4a-11d0-8d11-00a0c91bc942" Id="3201931d-9887-3ee9-9dda-2cd3b858199c">
		<BuildDependency Project="ZERO_CHECK.vcxproj"/>
		<BuildDependency Project="core/kura_core.vcxproj"/>
	</Project>
</Solution>
